
Microsoft Visual Studio Solution File, Format Version 12.00
# Visual Studio Version 17
VisualStudioVersion = 17.5.33414.496
MinimumVisualStudioVersion = 10.0.40219.1
Project("{FAE04EC0-301F-11D3-BF4B-00C04F79EFBC}") = "TP_MOD3_1302210055", "TP_MOD3_1302210055\TP_MOD3_1302210055.csproj", "{6A62C870-1F3E-405F-9654-72A4CE55B65B}"
EndProject
Global
	GlobalSection(SolutionConfigurationPlatforms) = preSolution
		Debug|Any CPU = Debug|Any CPU
		Release|Any CPU = Release|Any CPU
	EndGlobalSection
	GlobalSection(ProjectConfigurationPlatforms) = postSolution
		{6A62C870-1F3E-405F-9654-72A4CE55B65B}.Debug|Any CPU.ActiveCfg = Debug|Any CPU
		{6A62C870-1F3E-405F-9654-72A4CE55B65B}.Debug|Any CPU.Build.0 = Debug|Any CPU
		{6A62C870-1F3E-405F-9654-72A4CE55B65B}.Release|Any CPU.ActiveCfg = Release|Any CPU
		{6A62C870-1F3E-405F-9654-72A4CE55B65B}.Release|Any CPU.Build.0 = Release|Any CPU
	EndGlobalSection
	GlobalSection(SolutionProperties) = preSolution
		HideSolutionNode = FALSE
	EndGlobalSection
	GlobalSection(ExtensibilityGlobals) = postSolution
		SolutionGuid = {521D36F3-5650-4F18-93D3-6FD7B562056A}
	EndGlobalSection
EndGlobal
